
Microsoft Visual Studio Solution File, Format Version 12.00
# Visual Studio Version 17
VisualStudioVersion = 17.11.35431.28
MinimumVisualStudioVersion = 10.0.40219.1
Project("{FAE04EC0-301F-11D3-BF4B-00C04F79EFBC}") = "CAMP_Jeopordy", "CAMP_Jeopordy\CAMP_Jeopordy.csproj", "{7EED701A-E433-4297-9BAE-B4794E8DD7BF}"
EndProject
Project("{FAE04EC0-301F-11D3-BF4B-00C04F79EFBC}") = "Jeoperdy_Library", "Jeoperdy_Library\Jeoperdy_Library.csproj", "{1C49B60B-262F-472E-97A2-08A66B25D536}"
EndProject
Global
	GlobalSection(SolutionConfigurationPlatforms) = preSolution
		Debug|Any CPU = Debug|Any CPU
		Release|Any CPU = Release|Any CPU
	EndGlobalSection
	GlobalSection(ProjectConfigurationPlatforms) = postSolution
		{7EED701A-E433-4297-9BAE-B4794E8DD7BF}.Debug|Any CPU.ActiveCfg = Debug|Any CPU
		{7EED701A-E433-4297-9BAE-B4794E8DD7BF}.Debug|Any CPU.Build.0 = Debug|Any CPU
		{7EED701A-E433-4297-9BAE-B4794E8DD7BF}.Release|Any CPU.ActiveCfg = Release|Any CPU
		{7EED701A-E433-4297-9BAE-B4794E8DD7BF}.Release|Any CPU.Build.0 = Release|Any CPU
		{1C49B60B-262F-472E-97A2-08A66B25D536}.Debug|Any CPU.ActiveCfg = Debug|Any CPU
		{1C49B60B-262F-472E-97A2-08A66B25D536}.Debug|Any CPU.Build.0 = Debug|Any CPU
		{1C49B60B-262F-472E-97A2-08A66B25D536}.Release|Any CPU.ActiveCfg = Release|Any CPU
		{1C49B60B-262F-472E-97A2-08A66B25D536}.Release|Any CPU.Build.0 = Release|Any CPU
	EndGlobalSection
	GlobalSection(SolutionProperties) = preSolution
		HideSolutionNode = FALSE
	EndGlobalSection
	GlobalSection(ExtensibilityGlobals) = postSolution
		SolutionGuid = {F1DC3986-4B7A-4313-91D4-C868113CD02B}
	EndGlobalSection
EndGlobal
